// !$*UTF8*$!
{
	archiveVersion = 1;
	classes = {
	};
	objectVersion = 46;
	objects = {

/* Begin PBXBuildFile section */
		B6856EC21BFA71960038AC8C /* AppDelegate.swift in Sources */ = {isa = PBXBuildFile; fileRef = B6856EC11BFA71960038AC8C /* AppDelegate.swift */; };
		B6856EC41BFA71960038AC8C /* ViewController.swift in Sources */ = {isa = PBXBuildFile; fileRef = B6856EC31BFA71960038AC8C /* ViewController.swift */; };
		B6856EC71BFA71960038AC8C /* Main.storyboard in Resources */ = {isa = PBXBuildFile; fileRef = B6856EC51BFA71960038AC8C /* Main.storyboard */; };
		B6856EC91BFA71960038AC8C /* Assets.xcassets in Resources */ = {isa = PBXBuildFile; fileRef = B6856EC81BFA71960038AC8C /* Assets.xcassets */; };
		B6856ECC1BFA71960038AC8C /* LaunchScreen.storyboard in Resources */ = {isa = PBXBuildFile; fileRef = B6856ECA1BFA71960038AC8C /* LaunchScreen.storyboard */; };
		B6856ED71BFA71960038AC8C /* TryCycleTests.swift in Sources */ = {isa = PBXBuildFile; fileRef = B6856ED61BFA71960038AC8C /* TryCycleTests.swift */; };
		B6856EE21BFA71960038AC8C /* TryCycleUITests.swift in Sources */ = {isa = PBXBuildFile; fileRef = B6856EE11BFA71960038AC8C /* TryCycleUITests.swift */; };
		B6856EF01BFA7F910038AC8C /* Station.swift in Sources */ = {isa = PBXBuildFile; fileRef = B6856EEF1BFA7F910038AC8C /* Station.swift */; settings = {ASSET_TAGS = (); }; };
		B6856EF21BFA85CE0038AC8C /* MapPin.swift in Sources */ = {isa = PBXBuildFile; fileRef = B6856EF11BFA85CE0038AC8C /* MapPin.swift */; settings = {ASSET_TAGS = (); }; };
/* End PBXBuildFile section */

/* Begin PBXContainerItemProxy section */
		B6856ED31BFA71960038AC8C /* PBXContainerItemProxy */ = {
			isa = PBXContainerItemProxy;
			containerPortal = B6856EB61BFA71960038AC8C /* Project object */;
			proxyType = 1;
			remoteGlobalIDString = B6856EBD1BFA71960038AC8C;
			remoteInfo = TryCycle;
		};
		B6856EDE1BFA71960038AC8C /* PBXContainerItemProxy */ = {
			isa = PBXContainerItemProxy;
			containerPortal = B6856EB61BFA71960038AC8C /* Project object */;
			proxyType = 1;
			remoteGlobalIDString = B6856EBD1BFA71960038AC8C;
			remoteInfo = TryCycle;
		};
/* End PBXContainerItemProxy section */

/* Begin PBXFileReference section */
		B6856EBE1BFA71960038AC8C /* TryCycle.app */ = {isa = PBXFileReference; explicitFileType = wrapper.application; includeInIndex = 0; path = TryCycle.app; sourceTree = BUILT_PRODUCTS_DIR; };
		B6856EC11BFA71960038AC8C /* AppDelegate.swift */ = {isa = PBXFileReference; lastKnownFileType = sourcecode.swift; path = AppDelegate.swift; sourceTree = "<group>"; };
		B6856EC31BFA71960038AC8C /* ViewController.swift */ = {isa = PBXFileReference; lastKnownFileType = sourcecode.swift; path = ViewController.swift; sourceTree = "<group>"; };
		B6856EC61BFA71960038AC8C /* Base */ = {isa = PBXFileReference; lastKnownFileType = file.storyboard; name = Base; path = Base.lproj/Main.storyboard; sourceTree = "<group>"; };
		B6856EC81BFA71960038AC8C /* Assets.xcassets */ = {isa = PBXFileReference; lastKnownFileType = folder.assetcatalog; path = Assets.xcassets; sourceTree = "<group>"; };
		B6856ECB1BFA71960038AC8C /* Base */ = {isa = PBXFileReference; lastKnownFileType = file.storyboard; name = Base; path = Base.lproj/LaunchScreen.storyboard; sourceTree = "<group>"; };
		B6856ECD1BFA71960038AC8C /* Info.plist */ = {isa = PBXFileReference; lastKnownFileType = text.plist.xml; path = Info.plist; sourceTree = "<group>"; };
		B6856ED21BFA71960038AC8C /* TryCycleTests.xctest */ = {isa = PBXFileReference; explicitFileType = wrapper.cfbundle; includeInIndex = 0; path = TryCycleTests.xctest; sourceTree = BUILT_PRODUCTS_DIR; };
		B6856ED61BFA71960038AC8C /* TryCycleTests.swift */ = {isa = PBXFileReference; lastKnownFileType = sourcecode.swift; path = TryCycleTests.swift; sourceTree = "<group>"; };
		B6856ED81BFA71960038AC8C /* Info.plist */ = {isa = PBXFileReference; lastKnownFileType = text.plist.xml; path = Info.plist; sourceTree = "<group>"; };
		B6856EDD1BFA71960038AC8C /* TryCycleUITests.xctest */ = {isa = PBXFileReference; explicitFileType = wrapper.cfbundle; includeInIndex = 0; path = TryCycleUITests.xctest; sourceTree = BUILT_PRODUCTS_DIR; };
		B6856EE11BFA71960038AC8C /* TryCycleUITests.swift */ = {isa = PBXFileReference; lastKnownFileType = sourcecode.swift; path = TryCycleUITests.swift; sourceTree = "<group>"; };
		B6856EE31BFA71960038AC8C /* Info.plist */ = {isa = PBXFileReference; lastKnownFileType = text.plist.xml; path = Info.plist; sourceTree = "<group>"; };
		B6856EEF1BFA7F910038AC8C /* Station.swift */ = {isa = PBXFileReference; fileEncoding = 4; lastKnownFileType = sourcecode.swift; path = Station.swift; sourceTree = "<group>"; };
		B6856EF11BFA85CE0038AC8C /* MapPin.swift */ = {isa = PBXFileReference; fileEncoding = 4; lastKnownFileType = sourcecode.swift; path = MapPin.swift; sourceTree = "<group>"; };
/* End PBXFileReference section */

/* Begin PBXFrameworksBuildPhase section */
		B6856EBB1BFA71960038AC8C /* Frameworks */ = {
			isa = PBXFrameworksBuildPhase;
			buildActionMask = 2147483647;
			files = (
			);
			runOnlyForDeploymentPostprocessing = 0;
		};
		B6856ECF1BFA71960038AC8C /* Frameworks */ = {
			isa = PBXFrameworksBuildPhase;
			buildActionMask = 2147483647;
			files = (
			);
			runOnlyForDeploymentPostprocessing = 0;
		};
		B6856EDA1BFA71960038AC8C /* Frameworks */ = {
			isa = PBXFrameworksBuildPhase;
			buildActionMask = 2147483647;
			files = (
			);
			runOnlyForDeploymentPostprocessing = 0;
		};
/* End PBXFrameworksBuildPhase section */

/* Begin PBXGroup section */
		B6856EB51BFA71960038AC8C = {
			isa = PBXGroup;
			children = (
				B6856EC01BFA71960038AC8C /* TryCycle */,
				B6856ED51BFA71960038AC8C /* TryCycleTests */,
				B6856EE01BFA71960038AC8C /* TryCycleUITests */,
				B6856EBF1BFA71960038AC8C /* Products */,
			);
			sourceTree = "<group>";
		};
		B6856EBF1BFA71960038AC8C /* Products */ = {
			isa = PBXGroup;
			children = (
				B6856EBE1BFA71960038AC8C /* TryCycle.app */,
				B6856ED21BFA71960038AC8C /* TryCycleTests.xctest */,
				B6856EDD1BFA71960038AC8C /* TryCycleUITests.xctest */,
			);
			name = Products;
			sourceTree = "<group>";
		};
		B6856EC01BFA71960038AC8C /* TryCycle */ = {
			isa = PBXGroup;
			children = (
				B6856EC11BFA71960038AC8C /* AppDelegate.swift */,
				B6856EC31BFA71960038AC8C /* ViewController.swift */,
				B6856EC51BFA71960038AC8C /* Main.storyboard */,
				B6856EC81BFA71960038AC8C /* Assets.xcassets */,
				B6856ECA1BFA71960038AC8C /* LaunchScreen.storyboard */,
				B6856ECD1BFA71960038AC8C /* Info.plist */,
				B6856EEF1BFA7F910038AC8C /* Station.swift */,
				B6856EF11BFA85CE0038AC8C /* MapPin.swift */,
			);
			path = TryCycle;
			sourceTree = "<group>";
		};
		B6856ED51BFA71960038AC8C /* TryCycleTests */ = {
			isa = PBXGroup;
			children = (
				B6856ED61BFA71960038AC8C /* TryCycleTests.swift */,
				B6856ED81BFA71960038AC8C /* Info.plist */,
			);
			path = TryCycleTests;
			sourceTree = "<group>";
		};
		B6856EE01BFA71960038AC8C /* TryCycleUITests */ = {
			isa = PBXGroup;
			children = (
				B6856EE11BFA71960038AC8C /* TryCycleUITests.swift */,
				B6856EE31BFA71960038AC8C /* Info.plist */,
			);
			path = TryCycleUITests;
			sourceTree = "<group>";
		};
/* End PBXGroup section */

/* Begin PBXNativeTarget section */
		B6856EBD1BFA71960038AC8C /* TryCycle */ = {
			isa = PBXNativeTarget;
			buildConfigurationList = B6856EE61BFA71960038AC8C /* Build configuration list for PBXNativeTarget "TryCycle" */;
			buildPhases = (
				B6856EBA1BFA71960038AC8C /* Sources */,
				B6856EBB1BFA71960038AC8C /* Frameworks */,
				B6856EBC1BFA71960038AC8C /* Resources */,
			);
			buildRules = (
			);
			dependencies = (
			);
			name = TryCycle;
			productName = TryCycle;
			productReference = B6856EBE1BFA71960038AC8C /* TryCycle.app */;
			productType = "com.apple.product-type.application";
		};
		B6856ED11BFA71960038AC8C /* TryCycleTests */ = {
			isa = PBXNativeTarget;
			buildConfigurationList = B6856EE91BFA71960038AC8C /* Build configuration list for PBXNativeTarget "TryCycleTests" */;
			buildPhases = (
				B6856ECE1BFA71960038AC8C /* Sources */,
				B6856ECF1BFA71960038AC8C /* Frameworks */,
				B6856ED01BFA71960038AC8C /* Resources */,
			);
			buildRules = (
			);
			dependencies = (
				B6856ED41BFA71960038AC8C /* PBXTargetDependency */,
			);
			name = TryCycleTests;
			productName = TryCycleTests;
			productReference = B6856ED21BFA71960038AC8C /* TryCycleTests.xctest */;
			productType = "com.apple.product-type.bundle.unit-test";
		};
		B6856EDC1BFA71960038AC8C /* TryCycleUITests */ = {
			isa = PBXNativeTarget;
			buildConfigurationList = B6856EEC1BFA71960038AC8C /* Build configuration list for PBXNativeTarget "TryCycleUITests" */;
			buildPhases = (
				B6856ED91BFA71960038AC8C /* Sources */,
				B6856EDA1BFA71960038AC8C /* Frameworks */,
				B6856EDB1BFA71960038AC8C /* Resources */,
			);
			buildRules = (
			);
			dependencies = (
				B6856EDF1BFA71960038AC8C /* PBXTargetDependency */,
			);
			name = TryCycleUITests;
			productName = TryCycleUITests;
			productReference = B6856EDD1BFA71960038AC8C /* TryCycleUITests.xctest */;
			productType = "com.apple.product-type.bundle.ui-testing";
		};
/* End PBXNativeTarget section */

/* Begin PBXProject section */
		B6856EB61BFA71960038AC8C /* Project object */ = {
			isa = PBXProject;
			attributes = {
				LastUpgradeCheck = 0700;
				ORGANIZATIONNAME = HConnery;
				TargetAttributes = {
					B6856EBD1BFA71960038AC8C = {
						CreatedOnToolsVersion = 7.0.1;
					};
					B6856ED11BFA71960038AC8C = {
						CreatedOnToolsVersion = 7.0.1;
						TestTargetID = B6856EBD1BFA71960038AC8C;
					};
					B6856EDC1BFA71960038AC8C = {
						CreatedOnToolsVersion = 7.0.1;
						TestTargetID = B6856EBD1BFA71960038AC8C;
					};
				};
			};
			buildConfigurationList = B6856EB91BFA71960038AC8C /* Build configuration list for PBXProject "TryCycle" */;
			compatibilityVersion = "Xcode 3.2";
			developmentRegion = English;
			hasScannedForEncodings = 0;
			knownRegions = (
				en,
				Base,
			);
			mainGroup = B6856EB51BFA71960038AC8C;
			productRefGroup = B6856EBF1BFA71960038AC8C /* Products */;
			projectDirPath = "";
			projectRoot = "";
			targets = (
				B6856EBD1BFA71960038AC8C /* TryCycle */,
				B6856ED11BFA71960038AC8C /* TryCycleTests */,
				B6856EDC1BFA71960038AC8C /* TryCycleUITests */,
			);
		};
/* End PBXProject section */

/* Begin PBXResourcesBuildPhase section */
		B6856EBC1BFA71960038AC8C /* Resources */ = {
			isa = PBXResourcesBuildPhase;
			buildActionMask = 2147483647;
			files = (
				B6856ECC1BFA71960038AC8C /* LaunchScreen.storyboard in Resources */,
				B6856EC91BFA71960038AC8C /* Assets.xcassets in Resources */,
				B6856EC71BFA71960038AC8C /* Main.storyboard in Resources */,
			);
			runOnlyForDeploymentPostprocessing = 0;
		};
		B6856ED01BFA71960038AC8C /* Resources */ = {
			isa = PBXResourcesBuildPhase;
			buildActionMask = 2147483647;
			files = (
			);
			runOnlyForDeploymentPostprocessing = 0;
		};
		B6856EDB1BFA71960038AC8C /* Resources */ = {
			isa = PBXResourcesBuildPhase;
			buildActionMask = 2147483647;
			files = (
			);
			runOnlyForDeploymentPostprocessing = 0;
		};
/* End PBXResourcesBuildPhase section */

/* Begin PBXSourcesBuildPhase section */
		B6856EBA1BFA71960038AC8C /* Sources */ = {
			isa = PBXSourcesBuildPhase;
			buildActionMask = 2147483647;
			files = (
				B6856EF21BFA85CE0038AC8C /* MapPin.swift in Sources */,
				B6856EC41BFA71960038AC8C /* ViewController.swift in Sources */,
				B6856EF01BFA7F910038AC8C /* Station.swift in Sources */,
				B6856EC21BFA71960038AC8C /* AppDelegate.swift in Sources */,
			);
			runOnlyForDeploymentPostprocessing = 0;
		};
		B6856ECE1BFA71960038AC8C /* Sources */ = {
			isa = PBXSourcesBuildPhase;
			buildActionMask = 2147483647;
			files = (
				B6856ED71BFA71960038AC8C /* TryCycleTests.swift in Sources */,
			);
			runOnlyForDeploymentPostprocessing = 0;
		};
		B6856ED91BFA71960038AC8C /* Sources */ = {
			isa = PBXSourcesBuildPhase;
			buildActionMask = 2147483647;
			files = (
				B6856EE21BFA71960038AC8C /* TryCycleUITests.swift in Sources */,
			);
			runOnlyForDeploymentPostprocessing = 0;
		};
/* End PBXSourcesBuildPhase section */

/* Begin PBXTargetDependency section */
		B6856ED41BFA71960038AC8C /* PBXTargetDependency */ = {
			isa = PBXTargetDependency;
			target = B6856EBD1BFA71960038AC8C /* TryCycle */;
			targetProxy = B6856ED31BFA71960038AC8C /* PBXContainerItemProxy */;
		};
		B6856EDF1BFA71960038AC8C /* PBXTargetDependency */ = {
			isa = PBXTargetDependency;
			target = B6856EBD1BFA71960038AC8C /* TryCycle */;
			targetProxy = B6856EDE1BFA71960038AC8C /* PBXContainerItemProxy */;
		};
/* End PBXTargetDependency section */

/* Begin PBXVariantGroup section */
		B6856EC51BFA71960038AC8C /* Main.storyboard */ = {
			isa = PBXVariantGroup;
			children = (
				B6856EC61BFA71960038AC8C /* Base */,
			);
			name = Main.storyboard;
			sourceTree = "<group>";
		};
		B6856ECA1BFA71960038AC8C /* LaunchScreen.storyboard */ = {
			isa = PBXVariantGroup;
			children = (
				B6856ECB1BFA71960038AC8C /* Base */,
			);
			name = LaunchScreen.storyboard;
			sourceTree = "<group>";
		};
/* End PBXVariantGroup section */

/* Begin XCBuildConfiguration section */
		B6856EE41BFA71960038AC8C /* Debug */ = {
			isa = XCBuildConfiguration;
			buildSettings = {
				ALWAYS_SEARCH_USER_PATHS = NO;
				CLANG_CXX_LANGUAGE_STANDARD = "gnu++0x";
				CLANG_CXX_LIBRARY = "libc++";
				CLANG_ENABLE_MODULES = YES;
				CLANG_ENABLE_OBJC_ARC = YES;
				CLANG_WARN_BOOL_CONVERSION = YES;
				CLANG_WARN_CONSTANT_CONVERSION = YES;
				CLANG_WARN_DIRECT_OBJC_ISA_USAGE = YES_ERROR;
				CLANG_WARN_EMPTY_BODY = YES;
				CLANG_WARN_ENUM_CONVERSION = YES;
				CLANG_WARN_INT_CONVERSION = YES;
				CLANG_WARN_OBJC_ROOT_CLASS = YES_ERROR;
				CLANG_WARN_UNREACHABLE_CODE = YES;
				CLANG_WARN__DUPLICATE_METHOD_MATCH = YES;
				"CODE_SIGN_IDENTITY[sdk=iphoneos*]" = "iPhone Developer";
				COPY_PHASE_STRIP = NO;
				DEBUG_INFORMATION_FORMAT = dwarf;
				ENABLE_STRICT_OBJC_MSGSEND = YES;
				ENABLE_TESTABILITY = YES;
				GCC_C_LANGUAGE_STANDARD = gnu99;
				GCC_DYNAMIC_NO_PIC = NO;
				GCC_NO_COMMON_BLOCKS = YES;
				GCC_OPTIMIZATION_LEVEL = 0;
				GCC_PREPROCESSOR_DEFINITIONS = (
					"DEBUG=1",
					"$(inherited)",
				);
				GCC_WARN_64_TO_32_BIT_CONVERSION = YES;
				GCC_WARN_ABOUT_RETURN_TYPE = YES_ERROR;
				GCC_WARN_UNDECLARED_SELECTOR = YES;
				GCC_WARN_UNINITIALIZED_AUTOS = YES_AGGRESSIVE;
				GCC_WARN_UNUSED_FUNCTION = YES;
				GCC_WARN_UNUSED_VARIABLE = YES;
				IPHONEOS_DEPLOYMENT_TARGET = 9.0;
				MTL_ENABLE_DEBUG_INFO = YES;
				ONLY_ACTIVE_ARCH = YES;
				SDKROOT = iphoneos;
				SWIFT_OPTIMIZATION_LEVEL = "-Onone";
				TARGETED_DEVICE_FAMILY = "1,2";
			};
			name = Debug;
		};
		B6856EE51BFA71960038AC8C /* Release */ = {
			isa = XCBuildConfiguration;
			buildSettings = {
				ALWAYS_SEARCH_USER_PATHS = NO;
				CLANG_CXX_LANGUAGE_STANDARD = "gnu++0x";
				CLANG_CXX_LIBRARY = "libc++";
				CLANG_ENABLE_MODULES = YES;
				CLANG_ENABLE_OBJC_ARC = YES;
				CLANG_WARN_BOOL_CONVERSION = YES;
				CLANG_WARN_CONSTANT_CONVERSION = YES;
				CLANG_WARN_DIRECT_OBJC_ISA_USAGE = YES_ERROR;
				CLANG_WARN_EMPTY_BODY = YES;
				CLANG_WARN_ENUM_CONVERSION = YES;
				CLANG_WARN_INT_CONVERSION = YES;
				CLANG_WARN_OBJC_ROOT_CLASS = YES_ERROR;
				CLANG_WARN_UNREACHABLE_CODE = YES;
				CLANG_WARN__DUPLICATE_METHOD_MATCH = YES;
				"CODE_SIGN_IDENTITY[sdk=iphoneos*]" = "iPhone Developer";
				COPY_PHASE_STRIP = NO;
				DEBUG_INFORMATION_FORMAT = "dwarf-with-dsym";
				ENABLE_NS_ASSERTIONS = NO;
				ENABLE_STRICT_OBJC_MSGSEND = YES;
				GCC_C_LANGUAGE_STANDARD = gnu99;
				GCC_NO_COMMON_BLOCKS = YES;
				GCC_WARN_64_TO_32_BIT_CONVERSION = YES;
				GCC_WARN_ABOUT_RETURN_TYPE = YES_ERROR;
				GCC_WARN_UNDECLARED_SELECTOR = YES;
				GCC_WARN_UNINITIALIZED_AUTOS = YES_AGGRESSIVE;
				GCC_WARN_UNUSED_FUNCTION = YES;
				GCC_WARN_UNUSED_VARIABLE = YES;
				IPHONEOS_DEPLOYMENT_TARGET = 9.0;
				MTL_ENABLE_DEBUG_INFO = NO;
				SDKROOT = iphoneos;
				TARGETED_DEVICE_FAMILY = "1,2";
				VALIDATE_PRODUCT = YES;
			};
			name = Release;
		};
		B6856EE71BFA71960038AC8C /* Debug */ = {
			isa = XCBuildConfiguration;
			buildSettings = {
				ASSETCATALOG_COMPILER_APPICON_NAME = AppIcon;
				INFOPLIST_FILE = TryCycle/Info.plist;
				LD_RUNPATH_SEARCH_PATHS = "$(inherited) @executable_path/Frameworks";
				PRODUCT_BUNDLE_IDENTIFIER = com.hconnery.TryCycle;
				PRODUCT_NAME = "$(TARGET_NAME)";
			};
			name = Debug;
		};
		B6856EE81BFA71960038AC8C /* Release */ = {
			isa = XCBuildConfiguration;
			buildSettings = {
				ASSETCATALOG_COMPILER_APPICON_NAME = AppIcon;
				INFOPLIST_FILE = TryCycle/Info.plist;
				LD_RUNPATH_SEARCH_PATHS = "$(inherited) @executable_path/Frameworks";
				PRODUCT_BUNDLE_IDENTIFIER = com.hconnery.TryCycle;
				PRODUCT_NAME = "$(TARGET_NAME)";
			};
			name = Release;
		};
		B6856EEA1BFA71960038AC8C /* Debug */ = {
			isa = XCBuildConfiguration;
			buildSettings = {
				BUNDLE_LOADER = "$(TEST_HOST)";
				INFOPLIST_FILE = TryCycleTests/Info.plist;
				LD_RUNPATH_SEARCH_PATHS = "$(inherited) @executable_path/Frameworks @loader_path/Frameworks";
				PRODUCT_BUNDLE_IDENTIFIER = com.hconnery.TryCycleTests;
				PRODUCT_NAME = "$(TARGET_NAME)";
				TEST_HOST = "$(BUILT_PRODUCTS_DIR)/TryCycle.app/TryCycle";
			};
			name = Debug;
		};
		B6856EEB1BFA71960038AC8C /* Release */ = {
			isa = XCBuildConfiguration;
			buildSettings = {
				BUNDLE_LOADER = "$(TEST_HOST)";
				INFOPLIST_FILE = TryCycleTests/Info.plist;
				LD_RUNPATH_SEARCH_PATHS = "$(inherited) @executable_path/Frameworks @loader_path/Frameworks";
				PRODUCT_BUNDLE_IDENTIFIER = com.hconnery.TryCycleTests;
				PRODUCT_NAME = "$(TARGET_NAME)";
				TEST_HOST = "$(BUILT_PRODUCTS_DIR)/TryCycle.app/TryCycle";
			};
			name = Release;
		};
		B6856EED1BFA71960038AC8C /* Debug */ = {
			isa = XCBuildConfiguration;
			buildSettings = {
				INFOPLIST_FILE = TryCycleUITests/Info.plist;
				LD_RUNPATH_SEARCH_PATHS = "$(inherited) @executable_path/Frameworks @loader_path/Frameworks";
				PRODUCT_BUNDLE_IDENTIFIER = com.hconnery.TryCycleUITests;
				PRODUCT_NAME = "$(TARGET_NAME)";
				TEST_TARGET_NAME = TryCycle;
				USES_XCTRUNNER = YES;
			};
			name = Debug;
		};
		B6856EEE1BFA71960038AC8C /* Release */ = {
			isa = XCBuildConfiguration;
			buildSettings = {
				INFOPLIST_FILE = TryCycleUITests/Info.plist;
				LD_RUNPATH_SEARCH_PATHS = "$(inherited) @executable_path/Frameworks @loader_path/Frameworks";
				PRODUCT_BUNDLE_IDENTIFIER = com.hconnery.TryCycleUITests;
				PRODUCT_NAME = "$(TARGET_NAME)";
				TEST_TARGET_NAME = TryCycle;
				USES_XCTRUNNER = YES;
			};
			name = Release;
		};
/* End XCBuildConfiguration section */

/* Begin XCConfigurationList section */
		B6856EB91BFA71960038AC8C /* Build configuration list for PBXProject "TryCycle" */ = {
			isa = XCConfigurationList;
			buildConfigurations = (
				B6856EE41BFA71960038AC8C /* Debug */,
				B6856EE51BFA71960038AC8C /* Release */,
			);
			defaultConfigurationIsVisible = 0;
			defaultConfigurationName = Release;
		};
		B6856EE61BFA71960038AC8C /* Build configuration list for PBXNativeTarget "TryCycle" */ = {
			isa = XCConfigurationList;
			buildConfigurations = (
				B6856EE71BFA71960038AC8C /* Debug */,
				B6856EE81BFA71960038AC8C /* Release */,
			);
			defaultConfigurationIsVisible = 0;
		};
		B6856EE91BFA71960038AC8C /* Build configuration list for PBXNativeTarget "TryCycleTests" */ = {
			isa = XCConfigurationList;
			buildConfigurations = (
				B6856EEA1BFA71960038AC8C /* Debug */,
				B6856EEB1BFA71960038AC8C /* Release */,
			);
			defaultConfigurationIsVisible = 0;
		};
		B6856EEC1BFA71960038AC8C /* Build configuration list for PBXNativeTarget "TryCycleUITests" */ = {
			isa = XCConfigurationList;
			buildConfigurations = (
				B6856EED1BFA71960038AC8C /* Debug */,
				B6856EEE1BFA71960038AC8C /* Release */,
			);
			defaultConfigurationIsVisible = 0;
		};
/* End XCConfigurationList section */
	};
	rootObject = B6856EB61BFA71960038AC8C /* Project object */;
}
